{
  "version": 4,
  "terraform_version": "1.12.1",
  "serial": 15,
  "lineage": "81b36209-ef23-a747-da0a-e522ed285057",
  "outputs": {
    "alb_dns_name": {
      "value": "terraform-asg-example-1751226362.us-east-1.elb.amazonaws.com",
      "type": "string"
    },
    "asg_name": {
      "value": "terraform-asg-example",
      "type": "string"
    },
    "instance_ids": {
      "value": [
        "i-055c0f0ae1b8a6162",
        "i-0823371f2ba371457"
      ],
      "type": [
        "list",
        "string"
      ]
    },
    "instance_ips": {
      "value": [
        "172.31.31.149",
        "172.31.64.249"
      ],
      "type": [
        "list",
        "string"
      ]
    },
    "private_key": {
      "value": "-----BEGIN RSA PRIVATE KEY-----\nMIIJKQIBAAKCAgEA1gkkfUt4S2z2Fqe6AfgrowrfHJnmWixDhirrLcGNx9roJ0Mb\ng0EuzGLP9WPcAwVmA56Vw4dAdLKStC6ATUBPRzprcdeoQ1kKK+xQNzPDRHocx1PA\n4GLYLUF/hViPhhysd1t1ra7rnNvwzS5NWLxzNnk4mnIS0CLxkC/gkTXetppJojVv\ncc6ULNEA8tqgSa6N82Y5vqkS5G3wf2CyIB2Imh7C2OqaT9Ffhy7J8dhTkCl8jsDz\ne7btz6sNaSvgiQWfecy3BpzKyUyNBmDYyewANmu/hhYj6nfeYt8q6g+TmWGI7kgi\nu19rERNEloOp5DrqTrAlxwbQJmK7gmKXU0bTcXryOOv+8TlZiBvZ3yNuKcbglSO9\nwgXxQiBd07Rp9sJBMnH05F9fkZbpwparqIUz+VZVXDK97dbwahOyE6JGUuSUoWMI\nbQ4sb8eNsl0Sg7g4JQXw8kNQkvgesc82qVx661ABlFqQ+kf9glz9emk7835KwlaE\n56fVBJ6xw7X7e2EhTIaoX8nNymfk3ynD9+D2uPbbstwFzKiR6kSGrCcuJXYX0fDh\nKgNKo6wD0J4sNC3NVArmkQAlAe3smywXr/bXc08gsScGHyc0EPs58SCj6+uhJq0h\nmx+grnZ6dJOWEQerY+kDsqgyqekh9pZOHFIT0ZtfU3gp/S0lqom7RVDvGucCAwEA\nAQKCAgBKjoK8doaf14Pdnm2H9BfXQpk3kFCShqq62MZ1eN/Xh2SpEJJL5W/U2HLS\nawefsci4aAyJQNruC6pYw34D6uvyxuHYlSPS2fhWFopWwFw7xUGzGXStdSESmqc+\nHvxX3jMhnKVga/c8+8xk3MUqrPKBPja+bhApmpKFBHh4fMho2VPfAjgg77Hj7qYi\n8o81O23NJIXm6WRgV/+Xj2pdD4yfCyoaf5ZjSW66W00TRqTNKfZuj74BEVbDqTUR\ntqwPbvr/ZZU343QsLNNPLns101S7oErl/V5jdX/s9wou4GAs5LHbNxuKI5HbL9gL\nii+rBe7KnEd8jd4CERB6Obe21Ywfb3mZ/dqoA5GDh/S+rNTsVp8nAp5rghuuD/7S\nGXAtaxPZWiK5oO5on2idMIAEbdF4QuRjKM9zp+lua5ai1E/sVtS94W8Yau8YQkoQ\nzksYDry0Ic0GaK9k4v2XhPfInK9nFk+vfyoca8/9uEDq8a1XRVa8aVm0AzOOYPT1\nXYOv8Yd4byIBbUwwWH8bKwiK8pGKxG6WQtml2GOtNvEnw/7vnH/D7hE2DUWnGx+Y\nEusuQ9MlgzD6Yz2z0jger8AH+E73IKlRmT73ojhvlnDTSXItZCIQJ7yCiGOl5OM9\nS2q3vpW/6TG57EHtO1xMrmP+E3qJBgO8xEycMABJv5q4jqfBOQKCAQEA5yAYQSUw\nMn3PVikR478SBupKLyPSIMYIIfKH3xKuJdBhxKYn+WWrNiYPY/h5/DlDb5BWACbJ\n27GcuXi/OBnbD/Mb4Pc2UunD5Ekmdn3IyZ2dV9yVfWqyaHwOGfpOAQVuZOsAYvp1\nWOrKmw/4GErhNI7HbR5EAlkMeEHf7trVjuyo9W7JWgHdFHiUSj+s7K1U1FzfoGHH\naseiGXvJ6eRi2vPg04YOqyU+U0WWs6qlcTa7S525tlam8AD0VAuYc6wAVKfLhCzH\n7ZPuHswaT3dGEWoIiZjhcUZWUvIvpzfubzlHNLp/kRXAHgW+Ol62fjpSGCxi31ht\n54HpPDp3XeTbwwKCAQEA7RIytI3zPVzY/tVF777Ha1NzNFMWOrHHcswde9oG6vIP\nh9GmB9jYu5rXZRqKTKwwyhxvbP8K3qBv4pgr43zJCFNgL8IXQQYxdlsKUjZUFLX4\nvj+Cweh2DyohVHfrCNXfiSY8EFR8Xg0x1ArJPKFaYps/9EQNQlYsG/LI8BopONon\ntxmquBXJAgRVQWqixLCWioWc6Iwjc3E/rB7Y/H+DKiVWuZAI3qi0kEE5RWcAT19U\nzIikGyT4XgjjHp5vZwM4ZtOGKqoNrs8c60s/Yf7aPWV2Dqs/5nb7Lnm5Dq6MK4r9\ncNbFxz0aRHintFk0vUqyIvy5OQaprHcGqU4pP3smDQKCAQAD1V1xnytIexu4QyAf\n1eh3ouUuGPsAPiieX4ZvZcDrsaQdfeAF2/DWChWRQ+rKCy0aKZuzjvEkKrL9xInv\nZUZj4lVhCtik0WnFXI09w+JTrcCRV4BHP0DMSNp3BdbLX4qwM9Gi0qKloedQYRht\nVribhY67OZhJLa7uQ7FyJcELCNPYlkjSrFs9Xq6e+KVmm41fpFa1M0n6dGs03v+/\nWGFnXkopV/zgS9LX0LyqKDdsREsg+vG8m31TV8C1sCeMK5spzEqs241JXH3DlwEM\ntl68JTUVCysaFN+Tqp6tuFjFEX8j2cAJ6QFxvgiksTN3roH0ErBlIfNYtqfmrtWS\nAhy/AoIBAQDihscIm7LW6Yc3SVcAVM18kkq8rr/I6eLooH1zwMtnaFDKuNrrGJtP\n+A7lPszzon0kQrN99N3QCIGghUM6phv55qE8QTuzGFXe//MGx37kI1VBhLJO0u8s\nYldivQtKcAKerHgsKm6D+Buqv3u2gX86RZqArx30Sx7uvbifJIBLILleThpAuCBP\n2xAT5+8L/qh6SF28H1wojQgIUZmI+9a7SN5rhWPUTmPqi0hMNrWnIjKHFfGpNlRU\nli1fLojIZ91W87t5vPBCHwlFE6vG2ZxzmiWKsrvmXb55lDnt+39YhADT94UYchxN\nXPTycWLhlSROJipegS1T7I/i6xqi2+tpAoIBAQC53K2NAixcKStnMWbbRw1b8FmZ\nYp+VNa00iEU+j9Bk2/HrT19HqiJqbhyj6Sk30mBem0MSOgU97fG3N3bapxsoQKm5\n2GCSJcCU6p/2zEh8br7Q89lhNhCpp9Px4EpTEkukcgffZleIFLlpV1ibKVsoZrM0\naswLzF6XUlCwTEcbsRL8bhrLTPSSOu/j2qX+YLlE/w2A6X1BzG9C+YuyjqYaJmoV\n4a9/lKG05gsNh7ha4R6Hj3yE/q35dqupruFkSW6UjbdNbK1bCvECUKrtDo695bTu\nTwPu8RFemQuNgB/+48LDYWRBTmZkZ7H8buURo2SQWhKDZBLaO5Ewra1gibaK\n-----END RSA PRIVATE KEY-----\n",
      "type": "string",
      "sensitive": true
    }
  },
  "resources": [
    {
      "mode": "data",
      "type": "aws_ami",
      "name": "amazon_linux",
      "provider": "provider[\"registry.terraform.io/hashicorp/aws\"]",
      "instances": [
        {
          "schema_version": 0,
          "attributes": {
            "architecture": "x86_64",
            "arn": "arn:aws:ec2:us-east-1::image/ami-03f9680ef0c07a3d1",
            "block_device_mappings": [
              {
                "device_name": "/dev/xvda",
                "ebs": {
                  "delete_on_termination": "true",
                  "encrypted": "false",
                  "iops": "0",
                  "snapshot_id": "snap-0b794a1966c45ee7d",
                  "throughput": "0",
                  "volume_initialization_rate": "0",
                  "volume_size": "8",
                  "volume_type": "gp2"
                },
                "no_device": "",
                "virtual_name": ""
              }
            ],
            "boot_mode": "",
            "creation_date": "2025-12-03T22:53:36.000Z",
            "deprecation_time": "2026-03-03T00:00:00.000Z",
            "description": "Amazon Linux 2 AMI 2.0.20251208.0 x86_64 HVM gp2",
            "ena_support": true,
            "executable_users": null,
            "filter": [
              {
                "name": "name",
                "values": [
                  "amzn2-ami-hvm-*-x86_64-gp2"
                ]
              }
            ],
            "hypervisor": "xen",
            "id": "ami-03f9680ef0c07a3d1",
            "image_id": "ami-03f9680ef0c07a3d1",
            "image_location": "amazon/amzn2-ami-hvm-2.0.20251208.0-x86_64-gp2",
            "image_owner_alias": "amazon",
            "image_type": "machine",
            "imds_support": "",
            "include_deprecated": false,
            "kernel_id": "",
            "last_launched_time": "",
            "most_recent": true,
            "name": "amzn2-ami-hvm-2.0.20251208.0-x86_64-gp2",
            "name_regex": null,
            "owner_id": "137112412989",
            "owners": [
              "amazon"
            ],
            "platform": "",
            "platform_details": "Linux/UNIX",
            "product_codes": [],
            "public": true,
            "ramdisk_id": "",
            "root_device_name": "/dev/xvda",
            "root_device_type": "ebs",
            "root_snapshot_id": "snap-0b794a1966c45ee7d",
            "sriov_net_support": "simple",
            "state": "available",
            "state_reason": {
              "code": "UNSET",
              "message": "UNSET"
            },
            "tags": {},
            "timeouts": null,
            "tpm_support": "",
            "uefi_data": null,
            "usage_operation": "RunInstances",
            "virtualization_type": "hvm"
          },
          "sensitive_attributes": [],
          "identity_schema_version": 0
        }
      ]
    },
    {
      "mode": "data",
      "type": "aws_instances",
      "name": "asg_instances",
      "provider": "provider[\"registry.terraform.io/hashicorp/aws\"]",
      "instances": [
        {
          "schema_version": 0,
          "attributes": {
            "filter": [
              {
                "name": "tag:aws:autoscaling:groupName",
                "values": [
                  "terraform-asg-example"
                ]
              }
            ],
            "id": "us-east-1",
            "ids": [
              "i-055c0f0ae1b8a6162",
              "i-0823371f2ba371457"
            ],
            "instance_state_names": null,
            "instance_tags": null,
            "ipv6_addresses": [],
            "private_ips": [
              "172.31.31.149",
              "172.31.64.249"
            ],
            "public_ips": [
              "54.160.212.225",
              "3.236.64.165"
            ],
            "timeouts": null
          },
          "sensitive_attributes": [],
          "identity_schema_version": 0
        }
      ]
    },
    {
      "mode": "data",
      "type": "aws_subnets",
      "name": "default",
      "provider": "provider[\"registry.terraform.io/hashicorp/aws\"]",
      "instances": [
        {
          "schema_version": 0,
          "attributes": {
            "filter": [
              {
                "name": "vpc-id",
                "values": [
                  "vpc-05547a3416bdb4c07"
                ]
              }
            ],
            "id": "us-east-1",
            "ids": [
              "subnet-08859bc4f4225a032",
              "subnet-0b295216268039438",
              "subnet-05e0ad93b380082fc",
              "subnet-0fd10145f6f97d294",
              "subnet-018d16b46f5e34974",
              "subnet-054aea273744d7642"
            ],
            "tags": null,
            "timeouts": null
          },
          "sensitive_attributes": [],
          "identity_schema_version": 0
        }
      ]
    },
    {
      "mode": "data",
      "type": "aws_vpc",
      "name": "default",
      "provider": "provider[\"registry.terraform.io/hashicorp/aws\"]",
      "instances": [
        {
          "schema_version": 0,
          "attributes": {
            "arn": "arn:aws:ec2:us-east-1:891377259855:vpc/vpc-05547a3416bdb4c07",
            "cidr_block": "172.31.0.0/16",
            "cidr_block_associations": [
              {
                "association_id": "vpc-cidr-assoc-0606c0d6f6b11acb4",
                "cidr_block": "172.31.0.0/16",
                "state": "associated"
              }
            ],
            "default": true,
            "dhcp_options_id": "dopt-056b8d0c1b45102ef",
            "enable_dns_hostnames": true,
            "enable_dns_support": true,
            "enable_network_address_usage_metrics": false,
            "filter": null,
            "id": "vpc-05547a3416bdb4c07",
            "instance_tenancy": "default",
            "ipv6_association_id": "",
            "ipv6_cidr_block": "",
            "main_route_table_id": "rtb-053743379d818cbdd",
            "owner_id": "891377259855",
            "state": null,
            "tags": {},
            "timeouts": null
          },
          "sensitive_attributes": [],
          "identity_schema_version": 0
        }
      ]
    },
    {
      "mode": "managed",
      "type": "aws_autoscaling_group",
      "name": "app",
      "provider": "provider[\"registry.terraform.io/hashicorp/aws\"]",
      "instances": [
        {
          "schema_version": 1,
          "attributes": {
            "arn": "arn:aws:autoscaling:us-east-1:891377259855:autoScalingGroup:0fdcb551-8c0d-48f3-81ed-ba8bfd36435e:autoScalingGroupName/terraform-asg-example",
            "availability_zone_distribution": [
              {
                "capacity_distribution_strategy": "balanced-best-effort"
              }
            ],
            "availability_zones": [
              "us-east-1a",
              "us-east-1b",
              "us-east-1c",
              "us-east-1d",
              "us-east-1e",
              "us-east-1f"
            ],
            "capacity_rebalance": false,
            "capacity_reservation_specification": [
              {
                "capacity_reservation_preference": "default",
                "capacity_reservation_target": []
              }
            ],
            "context": "",
            "default_cooldown": 300,
            "default_instance_warmup": 0,
            "desired_capacity": 2,
            "desired_capacity_type": "",
            "enabled_metrics": null,
            "force_delete": false,
            "force_delete_warm_pool": false,
            "health_check_grace_period": 300,
            "health_check_type": "ELB",
            "id": "terraform-asg-example",
            "ignore_failed_scaling_activities": false,
            "initial_lifecycle_hook": [],
            "instance_maintenance_policy": [],
            "instance_refresh": [],
            "launch_configuration": "",
            "launch_template": [
              {
                "id": "lt-0f47a6e4c0585522e",
                "name": "terraform-asg-20251209005156389700000001",
                "version": "$Latest"
              }
            ],
            "load_balancers": [],
            "max_instance_lifetime": 0,
            "max_size": 3,
            "metrics_granularity": "1Minute",
            "min_elb_capacity": null,
            "min_size": 1,
            "mixed_instances_policy": [],
            "name": "terraform-asg-example",
            "name_prefix": "",
            "placement_group": "",
            "predicted_capacity": 0,
            "protect_from_scale_in": false,
            "service_linked_role_arn": "arn:aws:iam::891377259855:role/aws-service-role/autoscaling.amazonaws.com/AWSServiceRoleForAutoScaling",
            "suspended_processes": null,
            "tag": [
              {
                "key": "Name",
                "propagate_at_launch": true,
                "value": "terraform-asg-instance"
              }
            ],
            "target_group_arns": [
              "arn:aws:elasticloadbalancing:us-east-1:891377259855:targetgroup/terraform-asg-example/a839df9163fdf9e6"
            ],
            "termination_policies": null,
            "timeouts": null,
            "traffic_source": [
              {
                "identifier": "arn:aws:elasticloadbalancing:us-east-1:891377259855:targetgroup/terraform-asg-example/a839df9163fdf9e6",
                "type": "elbv2"
              }
            ],
            "vpc_zone_identifier": [
              "subnet-018d16b46f5e34974",
              "subnet-054aea273744d7642",
              "subnet-05e0ad93b380082fc",
              "subnet-08859bc4f4225a032",
              "subnet-0b295216268039438",
              "subnet-0fd10145f6f97d294"
            ],
            "wait_for_capacity_timeout": "10m",
            "wait_for_elb_capacity": null,
            "warm_pool": [],
            "warm_pool_size": 0
          },
          "sensitive_attributes": [],
          "identity_schema_version": 0,
          "private": "eyJlMmJmYjczMC1lY2FhLTExZTYtOGY4OC0zNDM2M2JjN2M0YzAiOnsiZGVsZXRlIjo2MDAwMDAwMDAwMDAsInVwZGF0ZSI6NjAwMDAwMDAwMDAwfSwic2NoZW1hX3ZlcnNpb24iOiIxIn0=",
          "dependencies": [
            "aws_key_pair.deployer",
            "aws_launch_template.app",
            "aws_lb_target_group.instances",
            "aws_security_group.alb",
            "aws_security_group.instances",
            "data.aws_ami.amazon_linux",
            "data.aws_subnets.default",
            "data.aws_vpc.default",
            "tls_private_key.deployer"
          ]
        }
      ]
    },
    {
      "mode": "managed",
      "type": "aws_key_pair",
      "name": "deployer",
      "provider": "provider[\"registry.terraform.io/hashicorp/aws\"]",
      "instances": [
        {
          "schema_version": 1,
          "attributes": {
            "arn": "arn:aws:ec2:us-east-1:891377259855:key-pair/terraform-deployer-key",
            "fingerprint": "1c:07:df:e6:2e:6e:b3:1e:b3:a0:01:2a:29:17:55:7d",
            "id": "terraform-deployer-key",
            "key_name": "terraform-deployer-key",
            "key_name_prefix": "",
            "key_pair_id": "key-04ddf5db461f38f99",
            "key_type": "rsa",
            "public_key": "ssh-rsa AAAAB3NzaC1yc2EAAAADAQABAAACAQDWCSR9S3hLbPYWp7oB+CujCt8cmeZaLEOGKustwY3H2ugnQxuDQS7MYs/1Y9wDBWYDnpXDh0B0spK0LoBNQE9HOmtx16hDWQor7FA3M8NEehzHU8DgYtgtQX+FWI+GHKx3W3Wtruuc2/DNLk1YvHM2eTiachLQIvGQL+CRNd62mkmiNW9xzpQs0QDy2qBJro3zZjm+qRLkbfB/YLIgHYiaHsLY6ppP0V+HLsnx2FOQKXyOwPN7tu3Pqw1pK+CJBZ95zLcGnMrJTI0GYNjJ7AA2a7+GFiPqd95i3yrqD5OZYYjuSCK7X2sRE0SWg6nkOupOsCXHBtAmYruCYpdTRtNxevI46/7xOVmIG9nfI24pxuCVI73CBfFCIF3TtGn2wkEycfTkX1+RlunClquohTP5VlVcMr3t1vBqE7ITokZS5JShYwhtDixvx42yXRKDuDglBfDyQ1CS+B6xzzapXHrrUAGUWpD6R/2CXP16aTvzfkrCVoTnp9UEnrHDtft7YSFMhqhfyc3KZ+TfKcP34Pa49tuy3AXMqJHqRIasJy4ldhfR8OEqA0qjrAPQniw0Lc1UCuaRACUB7eybLBev9tdzTyCxJwYfJzQQ+znxIKPr66EmrSGbH6Cudnp0k5YRB6tj6QOyqDKp6SH2lk4cUhPRm19TeCn9LSWqibtFUO8a5w==",
            "tags": null,
            "tags_all": {}
          },
          "sensitive_attributes": [],
          "identity_schema_version": 0,
          "private": "eyJzY2hlbWFfdmVyc2lvbiI6IjEifQ==",
          "dependencies": [
            "tls_private_key.deployer"
          ]
        }
      ]
    },
    {
      "mode": "managed",
      "type": "aws_launch_template",
      "name": "app",
      "provider": "provider[\"registry.terraform.io/hashicorp/aws\"]",
      "instances": [
        {
          "schema_version": 0,
          "attributes": {
            "arn": "arn:aws:ec2:us-east-1:891377259855:launch-template/lt-0f47a6e4c0585522e",
            "block_device_mappings": [],
            "capacity_reservation_specification": [],
            "cpu_options": [],
            "credit_specification": [],
            "default_version": 1,
            "description": "",
            "disable_api_stop": false,
            "disable_api_termination": false,
            "ebs_optimized": "",
            "elastic_gpu_specifications": [],
            "elastic_inference_accelerator": [],
            "enclave_options": [],
            "hibernation_options": [],
            "iam_instance_profile": [],
            "id": "lt-0f47a6e4c0585522e",
            "image_id": "ami-03f9680ef0c07a3d1",
            "instance_initiated_shutdown_behavior": "",
            "instance_market_options": [],
            "instance_requirements": [],
            "instance_type": "t3.micro",
            "kernel_id": "",
            "key_name": "terraform-deployer-key",
            "latest_version": 1,
            "license_specification": [],
            "maintenance_options": [],
            "metadata_options": [],
            "monitoring": [],
            "name": "terraform-asg-20251209005156389700000001",
            "name_prefix": "terraform-asg-",
            "network_interfaces": [],
            "placement": [],
            "private_dns_name_options": [],
            "ram_disk_id": "",
            "security_group_names": null,
            "tag_specifications": [
              {
                "resource_type": "instance",
                "tags": {
                  "Name": "terraform-asg-instance"
                }
              }
            ],
            "tags": null,
            "tags_all": {},
            "update_default_version": null,
            "user_data": "IyEvYmluL2Jhc2gNCnl1bSB1cGRhdGUgLXkNCnl1bSBpbnN0YWxsIC15IGRvY2tlciBnaXQNCnN5c3RlbWN0bCBzdGFydCBkb2NrZXINCnN5c3RlbWN0bCBlbmFibGUgZG9ja2VyDQp1c2VybW9kIC1hIC1HIGRvY2tlciBlYzItdXNlcg0KICAgICAgICAgICAgICANCiMgQ3JlYXIgZGlyZWN0b3JpbyBwYXJhIGxhIGFwbGljYWNpw7NuDQpta2RpciAtcCAvaG9tZS9lYzItdXNlci9hcHANCmNob3duIGVjMi11c2VyOmVjMi11c2VyIC9ob21lL2VjMi11c2VyL2FwcA0KICAgICAgICAgICAgICANCiMgUGxhY2Vob2xkZXIgLSBzZXLDoSByZWVtcGxhemFkbyBwb3IgR2l0SHViIEFjdGlvbnMNCmVjaG8gIldhaXRpbmcgZm9yIGRlcGxveW1lbnQgdmlhIEdpdEh1YiBBY3Rpb25zLi4uIg0K",
            "vpc_security_group_ids": [
              "sg-0e9bc08318eef4c75"
            ]
          },
          "sensitive_attributes": [],
          "identity_schema_version": 0,
          "private": "bnVsbA==",
          "dependencies": [
            "aws_key_pair.deployer",
            "aws_security_group.alb",
            "aws_security_group.instances",
            "data.aws_ami.amazon_linux",
            "data.aws_vpc.default",
            "tls_private_key.deployer"
          ]
        }
      ]
    },
    {
      "mode": "managed",
      "type": "aws_lb",
      "name": "app",
      "provider": "provider[\"registry.terraform.io/hashicorp/aws\"]",
      "instances": [
        {
          "schema_version": 0,
          "attributes": {
            "access_logs": [
              {
                "bucket": "",
                "enabled": false,
                "prefix": ""
              }
            ],
            "arn": "arn:aws:elasticloadbalancing:us-east-1:891377259855:loadbalancer/app/terraform-asg-example/6119422f4b91322f",
            "arn_suffix": "app/terraform-asg-example/6119422f4b91322f",
            "client_keep_alive": 3600,
            "connection_logs": [
              {
                "bucket": "",
                "enabled": false,
                "prefix": ""
              }
            ],
            "customer_owned_ipv4_pool": "",
            "desync_mitigation_mode": "defensive",
            "dns_name": "terraform-asg-example-1751226362.us-east-1.elb.amazonaws.com",
            "dns_record_client_routing_policy": null,
            "drop_invalid_header_fields": false,
            "enable_cross_zone_load_balancing": true,
            "enable_deletion_protection": false,
            "enable_http2": true,
            "enable_tls_version_and_cipher_suite_headers": false,
            "enable_waf_fail_open": false,
            "enable_xff_client_port": false,
            "enable_zonal_shift": false,
            "enforce_security_group_inbound_rules_on_private_link_traffic": "",
            "id": "arn:aws:elasticloadbalancing:us-east-1:891377259855:loadbalancer/app/terraform-asg-example/6119422f4b91322f",
            "idle_timeout": 60,
            "internal": false,
            "ip_address_type": "ipv4",
            "ipam_pools": [],
            "load_balancer_type": "application",
            "minimum_load_balancer_capacity": [],
            "name": "terraform-asg-example",
            "name_prefix": "",
            "preserve_host_header": false,
            "security_groups": [
              "sg-084f8dcb44213c27b"
            ],
            "subnet_mapping": [
              {
                "allocation_id": "",
                "ipv6_address": "",
                "outpost_id": "",
                "private_ipv4_address": "",
                "subnet_id": "subnet-018d16b46f5e34974"
              },
              {
                "allocation_id": "",
                "ipv6_address": "",
                "outpost_id": "",
                "private_ipv4_address": "",
                "subnet_id": "subnet-054aea273744d7642"
              },
              {
                "allocation_id": "",
                "ipv6_address": "",
                "outpost_id": "",
                "private_ipv4_address": "",
                "subnet_id": "subnet-05e0ad93b380082fc"
              },
              {
                "allocation_id": "",
                "ipv6_address": "",
                "outpost_id": "",
                "private_ipv4_address": "",
                "subnet_id": "subnet-08859bc4f4225a032"
              },
              {
                "allocation_id": "",
                "ipv6_address": "",
                "outpost_id": "",
                "private_ipv4_address": "",
                "subnet_id": "subnet-0b295216268039438"
              },
              {
                "allocation_id": "",
                "ipv6_address": "",
                "outpost_id": "",
                "private_ipv4_address": "",
                "subnet_id": "subnet-0fd10145f6f97d294"
              }
            ],
            "subnets": [
              "subnet-018d16b46f5e34974",
              "subnet-054aea273744d7642",
              "subnet-05e0ad93b380082fc",
              "subnet-08859bc4f4225a032",
              "subnet-0b295216268039438",
              "subnet-0fd10145f6f97d294"
            ],
            "tags": {
              "Name": "terraform-asg-example"
            },
            "tags_all": {
              "Name": "terraform-asg-example"
            },
            "timeouts": null,
            "vpc_id": "vpc-05547a3416bdb4c07",
            "xff_header_processing_mode": "append",
            "zone_id": "Z35SXDOTRQ7X7K"
          },
          "sensitive_attributes": [],
          "identity_schema_version": 0,
          "private": "eyJlMmJmYjczMC1lY2FhLTExZTYtOGY4OC0zNDM2M2JjN2M0YzAiOnsiY3JlYXRlIjo2MDAwMDAwMDAwMDAsImRlbGV0ZSI6NjAwMDAwMDAwMDAwLCJ1cGRhdGUiOjYwMDAwMDAwMDAwMH19",
          "dependencies": [
            "aws_security_group.alb",
            "data.aws_subnets.default",
            "data.aws_vpc.default"
          ]
        }
      ]
    },
    {
      "mode": "managed",
      "type": "aws_lb_listener",
      "name": "http",
      "provider": "provider[\"registry.terraform.io/hashicorp/aws\"]",
      "instances": [
        {
          "schema_version": 0,
          "attributes": {
            "alpn_policy": null,
            "arn": "arn:aws:elasticloadbalancing:us-east-1:891377259855:listener/app/terraform-asg-example/6119422f4b91322f/863af1755689b108",
            "certificate_arn": null,
            "default_action": [
              {
                "authenticate_cognito": [],
                "authenticate_oidc": [],
                "fixed_response": [],
                "forward": [],
                "order": 1,
                "redirect": [],
                "target_group_arn": "arn:aws:elasticloadbalancing:us-east-1:891377259855:targetgroup/terraform-asg-example/a839df9163fdf9e6",
                "type": "forward"
              }
            ],
            "id": "arn:aws:elasticloadbalancing:us-east-1:891377259855:listener/app/terraform-asg-example/6119422f4b91322f/863af1755689b108",
            "load_balancer_arn": "arn:aws:elasticloadbalancing:us-east-1:891377259855:loadbalancer/app/terraform-asg-example/6119422f4b91322f",
            "mutual_authentication": [],
            "port": 80,
            "protocol": "HTTP",
            "routing_http_request_x_amzn_mtls_clientcert_header_name": null,
            "routing_http_request_x_amzn_mtls_clientcert_issuer_header_name": null,
            "routing_http_request_x_amzn_mtls_clientcert_leaf_header_name": null,
            "routing_http_request_x_amzn_mtls_clientcert_serial_number_header_name": null,
            "routing_http_request_x_amzn_mtls_clientcert_subject_header_name": null,
            "routing_http_request_x_amzn_mtls_clientcert_validity_header_name": null,
            "routing_http_request_x_amzn_tls_cipher_suite_header_name": null,
            "routing_http_request_x_amzn_tls_version_header_name": null,
            "routing_http_response_access_control_allow_credentials_header_value": "",
            "routing_http_response_access_control_allow_headers_header_value": "",
            "routing_http_response_access_control_allow_methods_header_value": "",
            "routing_http_response_access_control_allow_origin_header_value": "",
            "routing_http_response_access_control_expose_headers_header_value": "",
            "routing_http_response_access_control_max_age_header_value": "",
            "routing_http_response_content_security_policy_header_value": "",
            "routing_http_response_server_enabled": true,
            "routing_http_response_strict_transport_security_header_value": "",
            "routing_http_response_x_content_type_options_header_value": "",
            "routing_http_response_x_frame_options_header_value": "",
            "ssl_policy": "",
            "tags": {},
            "tags_all": {},
            "tcp_idle_timeout_seconds": null,
            "timeouts": null
          },
          "sensitive_attributes": [],
          "identity_schema_version": 0,
          "private": "eyJlMmJmYjczMC1lY2FhLTExZTYtOGY4OC0zNDM2M2JjN2M0YzAiOnsiY3JlYXRlIjozMDAwMDAwMDAwMDAsInVwZGF0ZSI6MzAwMDAwMDAwMDAwfX0=",
          "dependencies": [
            "aws_lb.app",
            "aws_lb_target_group.instances",
            "aws_security_group.alb",
            "data.aws_subnets.default",
            "data.aws_vpc.default"
          ]
        }
      ]
    },
    {
      "mode": "managed",
      "type": "aws_lb_target_group",
      "name": "instances",
      "provider": "provider[\"registry.terraform.io/hashicorp/aws\"]",
      "instances": [
        {
          "schema_version": 0,
          "attributes": {
            "arn": "arn:aws:elasticloadbalancing:us-east-1:891377259855:targetgroup/terraform-asg-example/a839df9163fdf9e6",
            "arn_suffix": "targetgroup/terraform-asg-example/a839df9163fdf9e6",
            "connection_termination": null,
            "deregistration_delay": "300",
            "health_check": [
              {
                "enabled": true,
                "healthy_threshold": 2,
                "interval": 30,
                "matcher": "200",
                "path": "/",
                "port": "traffic-port",
                "protocol": "HTTP",
                "timeout": 5,
                "unhealthy_threshold": 2
              }
            ],
            "id": "arn:aws:elasticloadbalancing:us-east-1:891377259855:targetgroup/terraform-asg-example/a839df9163fdf9e6",
            "ip_address_type": "ipv4",
            "lambda_multi_value_headers_enabled": false,
            "load_balancer_arns": [
              "arn:aws:elasticloadbalancing:us-east-1:891377259855:loadbalancer/app/terraform-asg-example/6119422f4b91322f"
            ],
            "load_balancing_algorithm_type": "round_robin",
            "load_balancing_anomaly_mitigation": "off",
            "load_balancing_cross_zone_enabled": "use_load_balancer_configuration",
            "name": "terraform-asg-example",
            "name_prefix": "",
            "port": 80,
            "preserve_client_ip": null,
            "protocol": "HTTP",
            "protocol_version": "HTTP1",
            "proxy_protocol_v2": false,
            "slow_start": 0,
            "stickiness": [
              {
                "cookie_duration": 86400,
                "cookie_name": "",
                "enabled": false,
                "type": "lb_cookie"
              }
            ],
            "tags": {},
            "tags_all": {},
            "target_failover": [
              {
                "on_deregistration": null,
                "on_unhealthy": null
              }
            ],
            "target_group_health": [
              {
                "dns_failover": [
                  {
                    "minimum_healthy_targets_count": "1",
                    "minimum_healthy_targets_percentage": "off"
                  }
                ],
                "unhealthy_state_routing": [
                  {
                    "minimum_healthy_targets_count": 1,
                    "minimum_healthy_targets_percentage": "off"
                  }
                ]
              }
            ],
            "target_health_state": [
              {
                "enable_unhealthy_connection_termination": null,
                "unhealthy_draining_interval": null
              }
            ],
            "target_type": "instance",
            "vpc_id": "vpc-05547a3416bdb4c07"
          },
          "sensitive_attributes": [],
          "identity_schema_version": 0,
          "private": "bnVsbA==",
          "dependencies": [
            "data.aws_vpc.default"
          ]
        }
      ]
    },
    {
      "mode": "managed",
      "type": "aws_security_group",
      "name": "alb",
      "provider": "provider[\"registry.terraform.io/hashicorp/aws\"]",
      "instances": [
        {
          "schema_version": 1,
          "attributes": {
            "arn": "arn:aws:ec2:us-east-1:891377259855:security-group/sg-084f8dcb44213c27b",
            "description": "Allow HTTP inbound traffic",
            "egress": [
              {
                "cidr_blocks": [
                  "0.0.0.0/0"
                ],
                "description": "",
                "from_port": 0,
                "ipv6_cidr_blocks": [],
                "prefix_list_ids": [],
                "protocol": "-1",
                "security_groups": [],
                "self": false,
                "to_port": 0
              }
            ],
            "id": "sg-084f8dcb44213c27b",
            "ingress": [
              {
                "cidr_blocks": [
                  "0.0.0.0/0"
                ],
                "description": "",
                "from_port": 80,
                "ipv6_cidr_blocks": [],
                "prefix_list_ids": [],
                "protocol": "tcp",
                "security_groups": [],
                "self": false,
                "to_port": 80
              }
            ],
            "name": "terraform-alb-sg",
            "name_prefix": "",
            "owner_id": "891377259855",
            "revoke_rules_on_delete": false,
            "tags": {
              "Name": "terraform-alb-sg"
            },
            "tags_all": {
              "Name": "terraform-alb-sg"
            },
            "timeouts": null,
            "vpc_id": "vpc-05547a3416bdb4c07"
          },
          "sensitive_attributes": [],
          "identity_schema_version": 0,
          "private": "eyJlMmJmYjczMC1lY2FhLTExZTYtOGY4OC0zNDM2M2JjN2M0YzAiOnsiY3JlYXRlIjo2MDAwMDAwMDAwMDAsImRlbGV0ZSI6OTAwMDAwMDAwMDAwfSwic2NoZW1hX3ZlcnNpb24iOiIxIn0=",
          "dependencies": [
            "data.aws_vpc.default"
          ]
        }
      ]
    },
    {
      "mode": "managed",
      "type": "aws_security_group",
      "name": "instances",
      "provider": "provider[\"registry.terraform.io/hashicorp/aws\"]",
      "instances": [
        {
          "schema_version": 1,
          "attributes": {
            "arn": "arn:aws:ec2:us-east-1:891377259855:security-group/sg-0e9bc08318eef4c75",
            "description": "Allow traffic from ALB and SSH",
            "egress": [
              {
                "cidr_blocks": [
                  "0.0.0.0/0"
                ],
                "description": "",
                "from_port": 0,
                "ipv6_cidr_blocks": [],
                "prefix_list_ids": [],
                "protocol": "-1",
                "security_groups": [],
                "self": false,
                "to_port": 0
              }
            ],
            "id": "sg-0e9bc08318eef4c75",
            "ingress": [
              {
                "cidr_blocks": [
                  "0.0.0.0/0"
                ],
                "description": "",
                "from_port": 22,
                "ipv6_cidr_blocks": [],
                "prefix_list_ids": [],
                "protocol": "tcp",
                "security_groups": [],
                "self": false,
                "to_port": 22
              },
              {
                "cidr_blocks": [],
                "description": "",
                "from_port": 80,
                "ipv6_cidr_blocks": [],
                "prefix_list_ids": [],
                "protocol": "tcp",
                "security_groups": [
                  "sg-084f8dcb44213c27b"
                ],
                "self": false,
                "to_port": 80
              }
            ],
            "name": "terraform-instances-sg",
            "name_prefix": "",
            "owner_id": "891377259855",
            "revoke_rules_on_delete": false,
            "tags": {
              "Name": "terraform-instances-sg"
            },
            "tags_all": {
              "Name": "terraform-instances-sg"
            },
            "timeouts": null,
            "vpc_id": "vpc-05547a3416bdb4c07"
          },
          "sensitive_attributes": [],
          "identity_schema_version": 0,
          "private": "eyJlMmJmYjczMC1lY2FhLTExZTYtOGY4OC0zNDM2M2JjN2M0YzAiOnsiY3JlYXRlIjo2MDAwMDAwMDAwMDAsImRlbGV0ZSI6OTAwMDAwMDAwMDAwfSwic2NoZW1hX3ZlcnNpb24iOiIxIn0=",
          "dependencies": [
            "aws_security_group.alb",
            "data.aws_vpc.default"
          ]
        }
      ]
    },
    {
      "mode": "managed",
      "type": "tls_private_key",
      "name": "deployer",
      "provider": "provider[\"registry.terraform.io/hashicorp/tls\"]",
      "instances": [
        {
          "schema_version": 1,
          "attributes": {
            "algorithm": "RSA",
            "ecdsa_curve": "P224",
            "id": "77d6b5c2c49abe268e7f09c2cc5ab7160de7cb5c",
            "private_key_openssh": "-----BEGIN OPENSSH PRIVATE KEY-----\nb3BlbnNzaC1rZXktdjEAAAAABG5vbmUAAAAEbm9uZQAAAAAAAAABAAACFwAAAAdz\nc2gtcnNhAAAAAwEAAQAAAgEA1gkkfUt4S2z2Fqe6AfgrowrfHJnmWixDhirrLcGN\nx9roJ0Mbg0EuzGLP9WPcAwVmA56Vw4dAdLKStC6ATUBPRzprcdeoQ1kKK+xQNzPD\nRHocx1PA4GLYLUF/hViPhhysd1t1ra7rnNvwzS5NWLxzNnk4mnIS0CLxkC/gkTXe\ntppJojVvcc6ULNEA8tqgSa6N82Y5vqkS5G3wf2CyIB2Imh7C2OqaT9Ffhy7J8dhT\nkCl8jsDze7btz6sNaSvgiQWfecy3BpzKyUyNBmDYyewANmu/hhYj6nfeYt8q6g+T\nmWGI7kgiu19rERNEloOp5DrqTrAlxwbQJmK7gmKXU0bTcXryOOv+8TlZiBvZ3yNu\nKcbglSO9wgXxQiBd07Rp9sJBMnH05F9fkZbpwparqIUz+VZVXDK97dbwahOyE6JG\nUuSUoWMIbQ4sb8eNsl0Sg7g4JQXw8kNQkvgesc82qVx661ABlFqQ+kf9glz9emk7\n835KwlaE56fVBJ6xw7X7e2EhTIaoX8nNymfk3ynD9+D2uPbbstwFzKiR6kSGrCcu\nJXYX0fDhKgNKo6wD0J4sNC3NVArmkQAlAe3smywXr/bXc08gsScGHyc0EPs58SCj\n6+uhJq0hmx+grnZ6dJOWEQerY+kDsqgyqekh9pZOHFIT0ZtfU3gp/S0lqom7RVDv\nGucAAAc4B8swLgfLMC4AAAAHc3NoLXJzYQAAAgEA1gkkfUt4S2z2Fqe6Afgrowrf\nHJnmWixDhirrLcGNx9roJ0Mbg0EuzGLP9WPcAwVmA56Vw4dAdLKStC6ATUBPRzpr\ncdeoQ1kKK+xQNzPDRHocx1PA4GLYLUF/hViPhhysd1t1ra7rnNvwzS5NWLxzNnk4\nmnIS0CLxkC/gkTXetppJojVvcc6ULNEA8tqgSa6N82Y5vqkS5G3wf2CyIB2Imh7C\n2OqaT9Ffhy7J8dhTkCl8jsDze7btz6sNaSvgiQWfecy3BpzKyUyNBmDYyewANmu/\nhhYj6nfeYt8q6g+TmWGI7kgiu19rERNEloOp5DrqTrAlxwbQJmK7gmKXU0bTcXry\nOOv+8TlZiBvZ3yNuKcbglSO9wgXxQiBd07Rp9sJBMnH05F9fkZbpwparqIUz+VZV\nXDK97dbwahOyE6JGUuSUoWMIbQ4sb8eNsl0Sg7g4JQXw8kNQkvgesc82qVx661AB\nlFqQ+kf9glz9emk7835KwlaE56fVBJ6xw7X7e2EhTIaoX8nNymfk3ynD9+D2uPbb\nstwFzKiR6kSGrCcuJXYX0fDhKgNKo6wD0J4sNC3NVArmkQAlAe3smywXr/bXc08g\nsScGHyc0EPs58SCj6+uhJq0hmx+grnZ6dJOWEQerY+kDsqgyqekh9pZOHFIT0Ztf\nU3gp/S0lqom7RVDvGucAAAADAQABAAACAEqOgrx2hp/Xg92ebYf0F9dCmTeQUJKG\nqrrYxnV439eHZKkQkkvlb9TYctJrB5+xyLhoDIlA2u4LqljDfgPq6/LG4diVI9LZ\n+FYWilbAXDvFQbMZdK11IRKapz4e/FfeMyGcpWBr9zz7zGTcxSqs8oE+Nr5uECma\nkoUEeHh8yGjZU98COCDvsePupiLyjzU7bc0khebpZGBX/5ePal0PjJ8LKhp/lmNJ\nbrpbTRNGpM0p9m6PvgERVsOpNRG2rA9u+v9llTfjdCws008uezXTVLugSuX9XmN1\nf+z3Ci7gYCzksds3G4ojkdsv2AuKL6sF7sqcR3yN3gIREHo5t7bVjB9veZn92qgD\nkYOH9L6s1OxWnycCnmuCG64P/tIZcC1rE9laIrmg7mifaJ0wgARt0XhC5GMoz3On\n6W5rlqLUT+xW1L3hbxhq7xhCShDOSxgOvLQhzQZor2Ti/ZeE98icr2cWT69/Khxr\nz/24QOrxrVdFVrxpWbQDM45g9PVdg6/xh3hvIgFtTDBYfxsrCIrykYrEbpZC2aXY\nY6028SfD/u+cf8PuETYNRacbH5gS6y5D0yWDMPpjPbPSOB6vwAf4TvcgqVGZPvei\nOG+WcNNJci1kIhAnvIKIY6Xk4z1Lare+lb/pMbnsQe07XEyuY/4TeokGA7zETJww\nAEm/mriOp8E5AAABAQC53K2NAixcKStnMWbbRw1b8FmZYp+VNa00iEU+j9Bk2/Hr\nT19HqiJqbhyj6Sk30mBem0MSOgU97fG3N3bapxsoQKm52GCSJcCU6p/2zEh8br7Q\n89lhNhCpp9Px4EpTEkukcgffZleIFLlpV1ibKVsoZrM0aswLzF6XUlCwTEcbsRL8\nbhrLTPSSOu/j2qX+YLlE/w2A6X1BzG9C+YuyjqYaJmoV4a9/lKG05gsNh7ha4R6H\nj3yE/q35dqupruFkSW6UjbdNbK1bCvECUKrtDo695bTuTwPu8RFemQuNgB/+48LD\nYWRBTmZkZ7H8buURo2SQWhKDZBLaO5Ewra1gibaKAAABAQDnIBhBJTAyfc9WKRHj\nvxIG6kovI9Igxggh8offEq4l0GHEpif5Zas2Jg9j+Hn8OUNvkFYAJsnbsZy5eL84\nGdsP8xvg9zZS6cPkSSZ2fcjJnZ1X3JV9arJofA4Z+k4BBW5k6wBi+nVY6sqbD/gY\nSuE0jsdtHkQCWQx4Qd/u2tWO7Kj1bslaAd0UeJRKP6zsrVTUXN+gYcdqx6IZe8np\n5GLa8+DThg6rJT5TRZazqqVxNrtLnbm2VqbwAPRUC5hzrABUp8uELMftk+4ezBpP\nd0YRagiJmOFxRlZS8i+nN+5vOUc0un+RFcAeBb46XrZ+OlIYLGLfWG3ngek8Ondd\n5NvDAAABAQDtEjK0jfM9XNj+1UXvvsdrU3M0UxY6scdyzB172gbq8g+H0aYH2Ni7\nmtdlGopMrDDKHG9s/wreoG/imCvjfMkIU2AvwhdBBjF2WwpSNlQUtfi+P4LB6HYP\nKiFUd+sI1d+JJjwQVHxeDTHUCsk8oVpimz/0RA1CViwb8sjwGik42ie3Gaq4FckC\nBFVBaqLEsJaKhZzojCNzcT+sHtj8f4MqJVa5kAjeqLSQQTlFZwBPX1TMiKQbJPhe\nCOMenm9nAzhm04Yqqg2uzxzrSz9h/to9ZXYOqz/mdvsuebkOrowriv1w1sXHPRpE\neKe0WTS9SrIi/Lk5BqmsdwapTik/eyYNAAAAAAEC\n-----END OPENSSH PRIVATE KEY-----\n",
            "private_key_pem": "-----BEGIN RSA PRIVATE KEY-----\nMIIJKQIBAAKCAgEA1gkkfUt4S2z2Fqe6AfgrowrfHJnmWixDhirrLcGNx9roJ0Mb\ng0EuzGLP9WPcAwVmA56Vw4dAdLKStC6ATUBPRzprcdeoQ1kKK+xQNzPDRHocx1PA\n4GLYLUF/hViPhhysd1t1ra7rnNvwzS5NWLxzNnk4mnIS0CLxkC/gkTXetppJojVv\ncc6ULNEA8tqgSa6N82Y5vqkS5G3wf2CyIB2Imh7C2OqaT9Ffhy7J8dhTkCl8jsDz\ne7btz6sNaSvgiQWfecy3BpzKyUyNBmDYyewANmu/hhYj6nfeYt8q6g+TmWGI7kgi\nu19rERNEloOp5DrqTrAlxwbQJmK7gmKXU0bTcXryOOv+8TlZiBvZ3yNuKcbglSO9\nwgXxQiBd07Rp9sJBMnH05F9fkZbpwparqIUz+VZVXDK97dbwahOyE6JGUuSUoWMI\nbQ4sb8eNsl0Sg7g4JQXw8kNQkvgesc82qVx661ABlFqQ+kf9glz9emk7835KwlaE\n56fVBJ6xw7X7e2EhTIaoX8nNymfk3ynD9+D2uPbbstwFzKiR6kSGrCcuJXYX0fDh\nKgNKo6wD0J4sNC3NVArmkQAlAe3smywXr/bXc08gsScGHyc0EPs58SCj6+uhJq0h\nmx+grnZ6dJOWEQerY+kDsqgyqekh9pZOHFIT0ZtfU3gp/S0lqom7RVDvGucCAwEA\nAQKCAgBKjoK8doaf14Pdnm2H9BfXQpk3kFCShqq62MZ1eN/Xh2SpEJJL5W/U2HLS\nawefsci4aAyJQNruC6pYw34D6uvyxuHYlSPS2fhWFopWwFw7xUGzGXStdSESmqc+\nHvxX3jMhnKVga/c8+8xk3MUqrPKBPja+bhApmpKFBHh4fMho2VPfAjgg77Hj7qYi\n8o81O23NJIXm6WRgV/+Xj2pdD4yfCyoaf5ZjSW66W00TRqTNKfZuj74BEVbDqTUR\ntqwPbvr/ZZU343QsLNNPLns101S7oErl/V5jdX/s9wou4GAs5LHbNxuKI5HbL9gL\nii+rBe7KnEd8jd4CERB6Obe21Ywfb3mZ/dqoA5GDh/S+rNTsVp8nAp5rghuuD/7S\nGXAtaxPZWiK5oO5on2idMIAEbdF4QuRjKM9zp+lua5ai1E/sVtS94W8Yau8YQkoQ\nzksYDry0Ic0GaK9k4v2XhPfInK9nFk+vfyoca8/9uEDq8a1XRVa8aVm0AzOOYPT1\nXYOv8Yd4byIBbUwwWH8bKwiK8pGKxG6WQtml2GOtNvEnw/7vnH/D7hE2DUWnGx+Y\nEusuQ9MlgzD6Yz2z0jger8AH+E73IKlRmT73ojhvlnDTSXItZCIQJ7yCiGOl5OM9\nS2q3vpW/6TG57EHtO1xMrmP+E3qJBgO8xEycMABJv5q4jqfBOQKCAQEA5yAYQSUw\nMn3PVikR478SBupKLyPSIMYIIfKH3xKuJdBhxKYn+WWrNiYPY/h5/DlDb5BWACbJ\n27GcuXi/OBnbD/Mb4Pc2UunD5Ekmdn3IyZ2dV9yVfWqyaHwOGfpOAQVuZOsAYvp1\nWOrKmw/4GErhNI7HbR5EAlkMeEHf7trVjuyo9W7JWgHdFHiUSj+s7K1U1FzfoGHH\naseiGXvJ6eRi2vPg04YOqyU+U0WWs6qlcTa7S525tlam8AD0VAuYc6wAVKfLhCzH\n7ZPuHswaT3dGEWoIiZjhcUZWUvIvpzfubzlHNLp/kRXAHgW+Ol62fjpSGCxi31ht\n54HpPDp3XeTbwwKCAQEA7RIytI3zPVzY/tVF777Ha1NzNFMWOrHHcswde9oG6vIP\nh9GmB9jYu5rXZRqKTKwwyhxvbP8K3qBv4pgr43zJCFNgL8IXQQYxdlsKUjZUFLX4\nvj+Cweh2DyohVHfrCNXfiSY8EFR8Xg0x1ArJPKFaYps/9EQNQlYsG/LI8BopONon\ntxmquBXJAgRVQWqixLCWioWc6Iwjc3E/rB7Y/H+DKiVWuZAI3qi0kEE5RWcAT19U\nzIikGyT4XgjjHp5vZwM4ZtOGKqoNrs8c60s/Yf7aPWV2Dqs/5nb7Lnm5Dq6MK4r9\ncNbFxz0aRHintFk0vUqyIvy5OQaprHcGqU4pP3smDQKCAQAD1V1xnytIexu4QyAf\n1eh3ouUuGPsAPiieX4ZvZcDrsaQdfeAF2/DWChWRQ+rKCy0aKZuzjvEkKrL9xInv\nZUZj4lVhCtik0WnFXI09w+JTrcCRV4BHP0DMSNp3BdbLX4qwM9Gi0qKloedQYRht\nVribhY67OZhJLa7uQ7FyJcELCNPYlkjSrFs9Xq6e+KVmm41fpFa1M0n6dGs03v+/\nWGFnXkopV/zgS9LX0LyqKDdsREsg+vG8m31TV8C1sCeMK5spzEqs241JXH3DlwEM\ntl68JTUVCysaFN+Tqp6tuFjFEX8j2cAJ6QFxvgiksTN3roH0ErBlIfNYtqfmrtWS\nAhy/AoIBAQDihscIm7LW6Yc3SVcAVM18kkq8rr/I6eLooH1zwMtnaFDKuNrrGJtP\n+A7lPszzon0kQrN99N3QCIGghUM6phv55qE8QTuzGFXe//MGx37kI1VBhLJO0u8s\nYldivQtKcAKerHgsKm6D+Buqv3u2gX86RZqArx30Sx7uvbifJIBLILleThpAuCBP\n2xAT5+8L/qh6SF28H1wojQgIUZmI+9a7SN5rhWPUTmPqi0hMNrWnIjKHFfGpNlRU\nli1fLojIZ91W87t5vPBCHwlFE6vG2ZxzmiWKsrvmXb55lDnt+39YhADT94UYchxN\nXPTycWLhlSROJipegS1T7I/i6xqi2+tpAoIBAQC53K2NAixcKStnMWbbRw1b8FmZ\nYp+VNa00iEU+j9Bk2/HrT19HqiJqbhyj6Sk30mBem0MSOgU97fG3N3bapxsoQKm5\n2GCSJcCU6p/2zEh8br7Q89lhNhCpp9Px4EpTEkukcgffZleIFLlpV1ibKVsoZrM0\naswLzF6XUlCwTEcbsRL8bhrLTPSSOu/j2qX+YLlE/w2A6X1BzG9C+YuyjqYaJmoV\n4a9/lKG05gsNh7ha4R6Hj3yE/q35dqupruFkSW6UjbdNbK1bCvECUKrtDo695bTu\nTwPu8RFemQuNgB/+48LDYWRBTmZkZ7H8buURo2SQWhKDZBLaO5Ewra1gibaK\n-----END RSA PRIVATE KEY-----\n",
            "private_key_pem_pkcs8": "-----BEGIN PRIVATE KEY-----\nMIIJQwIBADANBgkqhkiG9w0BAQEFAASCCS0wggkpAgEAAoICAQDWCSR9S3hLbPYW\np7oB+CujCt8cmeZaLEOGKustwY3H2ugnQxuDQS7MYs/1Y9wDBWYDnpXDh0B0spK0\nLoBNQE9HOmtx16hDWQor7FA3M8NEehzHU8DgYtgtQX+FWI+GHKx3W3Wtruuc2/DN\nLk1YvHM2eTiachLQIvGQL+CRNd62mkmiNW9xzpQs0QDy2qBJro3zZjm+qRLkbfB/\nYLIgHYiaHsLY6ppP0V+HLsnx2FOQKXyOwPN7tu3Pqw1pK+CJBZ95zLcGnMrJTI0G\nYNjJ7AA2a7+GFiPqd95i3yrqD5OZYYjuSCK7X2sRE0SWg6nkOupOsCXHBtAmYruC\nYpdTRtNxevI46/7xOVmIG9nfI24pxuCVI73CBfFCIF3TtGn2wkEycfTkX1+RlunC\nlquohTP5VlVcMr3t1vBqE7ITokZS5JShYwhtDixvx42yXRKDuDglBfDyQ1CS+B6x\nzzapXHrrUAGUWpD6R/2CXP16aTvzfkrCVoTnp9UEnrHDtft7YSFMhqhfyc3KZ+Tf\nKcP34Pa49tuy3AXMqJHqRIasJy4ldhfR8OEqA0qjrAPQniw0Lc1UCuaRACUB7eyb\nLBev9tdzTyCxJwYfJzQQ+znxIKPr66EmrSGbH6Cudnp0k5YRB6tj6QOyqDKp6SH2\nlk4cUhPRm19TeCn9LSWqibtFUO8a5wIDAQABAoICAEqOgrx2hp/Xg92ebYf0F9dC\nmTeQUJKGqrrYxnV439eHZKkQkkvlb9TYctJrB5+xyLhoDIlA2u4LqljDfgPq6/LG\n4diVI9LZ+FYWilbAXDvFQbMZdK11IRKapz4e/FfeMyGcpWBr9zz7zGTcxSqs8oE+\nNr5uECmakoUEeHh8yGjZU98COCDvsePupiLyjzU7bc0khebpZGBX/5ePal0PjJ8L\nKhp/lmNJbrpbTRNGpM0p9m6PvgERVsOpNRG2rA9u+v9llTfjdCws008uezXTVLug\nSuX9XmN1f+z3Ci7gYCzksds3G4ojkdsv2AuKL6sF7sqcR3yN3gIREHo5t7bVjB9v\neZn92qgDkYOH9L6s1OxWnycCnmuCG64P/tIZcC1rE9laIrmg7mifaJ0wgARt0XhC\n5GMoz3On6W5rlqLUT+xW1L3hbxhq7xhCShDOSxgOvLQhzQZor2Ti/ZeE98icr2cW\nT69/Khxrz/24QOrxrVdFVrxpWbQDM45g9PVdg6/xh3hvIgFtTDBYfxsrCIrykYrE\nbpZC2aXYY6028SfD/u+cf8PuETYNRacbH5gS6y5D0yWDMPpjPbPSOB6vwAf4Tvcg\nqVGZPveiOG+WcNNJci1kIhAnvIKIY6Xk4z1Lare+lb/pMbnsQe07XEyuY/4TeokG\nA7zETJwwAEm/mriOp8E5AoIBAQDnIBhBJTAyfc9WKRHjvxIG6kovI9Igxggh8off\nEq4l0GHEpif5Zas2Jg9j+Hn8OUNvkFYAJsnbsZy5eL84GdsP8xvg9zZS6cPkSSZ2\nfcjJnZ1X3JV9arJofA4Z+k4BBW5k6wBi+nVY6sqbD/gYSuE0jsdtHkQCWQx4Qd/u\n2tWO7Kj1bslaAd0UeJRKP6zsrVTUXN+gYcdqx6IZe8np5GLa8+DThg6rJT5TRZaz\nqqVxNrtLnbm2VqbwAPRUC5hzrABUp8uELMftk+4ezBpPd0YRagiJmOFxRlZS8i+n\nN+5vOUc0un+RFcAeBb46XrZ+OlIYLGLfWG3ngek8Ondd5NvDAoIBAQDtEjK0jfM9\nXNj+1UXvvsdrU3M0UxY6scdyzB172gbq8g+H0aYH2Ni7mtdlGopMrDDKHG9s/wre\noG/imCvjfMkIU2AvwhdBBjF2WwpSNlQUtfi+P4LB6HYPKiFUd+sI1d+JJjwQVHxe\nDTHUCsk8oVpimz/0RA1CViwb8sjwGik42ie3Gaq4FckCBFVBaqLEsJaKhZzojCNz\ncT+sHtj8f4MqJVa5kAjeqLSQQTlFZwBPX1TMiKQbJPheCOMenm9nAzhm04Yqqg2u\nzxzrSz9h/to9ZXYOqz/mdvsuebkOrowriv1w1sXHPRpEeKe0WTS9SrIi/Lk5Bqms\ndwapTik/eyYNAoIBAAPVXXGfK0h7G7hDIB/V6Hei5S4Y+wA+KJ5fhm9lwOuxpB19\n4AXb8NYKFZFD6soLLRopm7OO8SQqsv3Eie9lRmPiVWEK2KTRacVcjT3D4lOtwJFX\ngEc/QMxI2ncF1stfirAz0aLSoqWh51BhGG1WuJuFjrs5mEktru5DsXIlwQsI09iW\nSNKsWz1erp74pWabjV+kVrUzSfp0azTe/79YYWdeSilX/OBL0tfQvKooN2xESyD6\n8bybfVNXwLWwJ4wrmynMSqzbjUlcfcOXAQy2XrwlNRULKxoU35Oqnq24WMURfyPZ\nwAnpAXG+CKSxM3eugfQSsGUh81i2p+au1ZICHL8CggEBAOKGxwibstbphzdJVwBU\nzXySSryuv8jp4uigfXPAy2doUMq42usYm0/4DuU+zPOifSRCs3303dAIgaCFQzqm\nG/nmoTxBO7MYVd7/8wbHfuQjVUGEsk7S7yxiV2K9C0pwAp6seCwqboP4G6q/e7aB\nfzpFmoCvHfRLHu69uJ8kgEsguV5OGkC4IE/bEBPn7wv+qHpIXbwfXCiNCAhRmYj7\n1rtI3muFY9ROY+qLSEw2taciMocV8ak2VFSWLV8uiMhn3Vbzu3m88EIfCUUTq8bZ\nnHOaJYqyu+ZdvnmUOe37f1iEANP3hRhyHE1c9PJxYuGVJE4mKl6BLVPsj+LrGqLb\n62kCggEBALncrY0CLFwpK2cxZttHDVvwWZlin5U1rTSIRT6P0GTb8etPX0eqImpu\nHKPpKTfSYF6bQxI6BT3t8bc3dtqnGyhAqbnYYJIlwJTqn/bMSHxuvtDz2WE2EKmn\n0/HgSlMSS6RyB99mV4gUuWlXWJspWyhmszRqzAvMXpdSULBMRxuxEvxuGstM9JI6\n7+Papf5guUT/DYDpfUHMb0L5i7KOphomahXhr3+UobTmCw2HuFrhHoePfIT+rfl2\nq6mu4WRJbpSNt01srVsK8QJQqu0Ojr3ltO5PA+7xEV6ZC42AH/7jwsNhZEFOZmRn\nsfxu5RGjZJBaEoNkEto7kTCtrWCJtoo=\n-----END PRIVATE KEY-----\n",
            "public_key_fingerprint_md5": "8b:6f:05:62:f6:35:09:28:bd:a2:ec:b3:db:57:a5:6b",
            "public_key_fingerprint_sha256": "SHA256:KInpLxiycTyv2az2VZ1jnHuq2cqVN2I+SOlhzFUHle0",
            "public_key_openssh": "ssh-rsa AAAAB3NzaC1yc2EAAAADAQABAAACAQDWCSR9S3hLbPYWp7oB+CujCt8cmeZaLEOGKustwY3H2ugnQxuDQS7MYs/1Y9wDBWYDnpXDh0B0spK0LoBNQE9HOmtx16hDWQor7FA3M8NEehzHU8DgYtgtQX+FWI+GHKx3W3Wtruuc2/DNLk1YvHM2eTiachLQIvGQL+CRNd62mkmiNW9xzpQs0QDy2qBJro3zZjm+qRLkbfB/YLIgHYiaHsLY6ppP0V+HLsnx2FOQKXyOwPN7tu3Pqw1pK+CJBZ95zLcGnMrJTI0GYNjJ7AA2a7+GFiPqd95i3yrqD5OZYYjuSCK7X2sRE0SWg6nkOupOsCXHBtAmYruCYpdTRtNxevI46/7xOVmIG9nfI24pxuCVI73CBfFCIF3TtGn2wkEycfTkX1+RlunClquohTP5VlVcMr3t1vBqE7ITokZS5JShYwhtDixvx42yXRKDuDglBfDyQ1CS+B6xzzapXHrrUAGUWpD6R/2CXP16aTvzfkrCVoTnp9UEnrHDtft7YSFMhqhfyc3KZ+TfKcP34Pa49tuy3AXMqJHqRIasJy4ldhfR8OEqA0qjrAPQniw0Lc1UCuaRACUB7eybLBev9tdzTyCxJwYfJzQQ+znxIKPr66EmrSGbH6Cudnp0k5YRB6tj6QOyqDKp6SH2lk4cUhPRm19TeCn9LSWqibtFUO8a5w==\n",
            "public_key_pem": "-----BEGIN PUBLIC KEY-----\nMIICIjANBgkqhkiG9w0BAQEFAAOCAg8AMIICCgKCAgEA1gkkfUt4S2z2Fqe6Afgr\nowrfHJnmWixDhirrLcGNx9roJ0Mbg0EuzGLP9WPcAwVmA56Vw4dAdLKStC6ATUBP\nRzprcdeoQ1kKK+xQNzPDRHocx1PA4GLYLUF/hViPhhysd1t1ra7rnNvwzS5NWLxz\nNnk4mnIS0CLxkC/gkTXetppJojVvcc6ULNEA8tqgSa6N82Y5vqkS5G3wf2CyIB2I\nmh7C2OqaT9Ffhy7J8dhTkCl8jsDze7btz6sNaSvgiQWfecy3BpzKyUyNBmDYyewA\nNmu/hhYj6nfeYt8q6g+TmWGI7kgiu19rERNEloOp5DrqTrAlxwbQJmK7gmKXU0bT\ncXryOOv+8TlZiBvZ3yNuKcbglSO9wgXxQiBd07Rp9sJBMnH05F9fkZbpwparqIUz\n+VZVXDK97dbwahOyE6JGUuSUoWMIbQ4sb8eNsl0Sg7g4JQXw8kNQkvgesc82qVx6\n61ABlFqQ+kf9glz9emk7835KwlaE56fVBJ6xw7X7e2EhTIaoX8nNymfk3ynD9+D2\nuPbbstwFzKiR6kSGrCcuJXYX0fDhKgNKo6wD0J4sNC3NVArmkQAlAe3smywXr/bX\nc08gsScGHyc0EPs58SCj6+uhJq0hmx+grnZ6dJOWEQerY+kDsqgyqekh9pZOHFIT\n0ZtfU3gp/S0lqom7RVDvGucCAwEAAQ==\n-----END PUBLIC KEY-----\n",
            "rsa_bits": 4096
          },
          "sensitive_attributes": [
            [
              {
                "type": "get_attr",
                "value": "private_key_openssh"
              }
            ],
            [
              {
                "type": "get_attr",
                "value": "private_key_pem"
              }
            ],
            [
              {
                "type": "get_attr",
                "value": "private_key_pem_pkcs8"
              }
            ]
          ],
          "identity_schema_version": 0
        }
      ]
    }
  ],
  "check_results": null
}
